// !$*UTF8*$!
{
	archiveVersion = 1;
	classes = {
	};
	objectVersion = 77;
	objects = {

/* Begin PBXContainerItemProxy section */
		AA54652B2DC1F6C5008F4849 /* PBXContainerItemProxy */ = {
			isa = PBXContainerItemProxy;
			containerPortal = AA5465132DC1F6C3008F4849 /* Project object */;
			proxyType = 1;
			remoteGlobalIDString = AA54651A2DC1F6C3008F4849;
			remoteInfo = "binary-tree";
		};
		AA5465352DC1F6C5008F4849 /* PBXContainerItemProxy */ = {
			isa = PBXContainerItemProxy;
			containerPortal = AA5465132DC1F6C3008F4849 /* Project object */;
			proxyType = 1;
			remoteGlobalIDString = AA54651A2DC1F6C3008F4849;
			remoteInfo = "binary-tree";
		};
/* End PBXContainerItemProxy section */

/* Begin PBXFileReference section */
		AA54651B2DC1F6C3008F4849 /* binary-tree.app */ = {isa = PBXFileReference; explicitFileType = wrapper.application; includeInIndex = 0; path = "binary-tree.app"; sourceTree = BUILT_PRODUCTS_DIR; };
		AA54652A2DC1F6C5008F4849 /* binary-treeTests.xctest */ = {isa = PBXFileReference; explicitFileType = wrapper.cfbundle; includeInIndex = 0; path = "binary-treeTests.xctest"; sourceTree = BUILT_PRODUCTS_DIR; };
		AA5465342DC1F6C5008F4849 /* binary-treeUITests.xctest */ = {isa = PBXFileReference; explicitFileType = wrapper.cfbundle; includeInIndex = 0; path = "binary-treeUITests.xctest"; sourceTree = BUILT_PRODUCTS_DIR; };
/* End PBXFileReference section */

/* Begin PBXFileSystemSynchronizedRootGroup section */
		AA54651D2DC1F6C3008F4849 /* binary-tree */ = {
			isa = PBXFileSystemSynchronizedRootGroup;
			path = "binary-tree";
			sourceTree = "<group>";
		};
		AA54652D2DC1F6C5008F4849 /* binary-treeTests */ = {
			isa = PBXFileSystemSynchronizedRootGroup;
			path = "binary-treeTests";
			sourceTree = "<group>";
		};
		AA5465372DC1F6C5008F4849 /* binary-treeUITests */ = {
			isa = PBXFileSystemSynchronizedRootGroup;
			path = "binary-treeUITests";
			sourceTree = "<group>";
		};
/* End PBXFileSystemSynchronizedRootGroup section */

/* Begin PBXFrameworksBuildPhase section */
		AA5465182DC1F6C3008F4849 /* Frameworks */ = {
			isa = PBXFrameworksBuildPhase;
			buildActionMask = 2147483647;
			files = (
			);
			runOnlyForDeploymentPostprocessing = 0;
		};
		AA5465272DC1F6C5008F4849 /* Frameworks */ = {
			isa = PBXFrameworksBuildPhase;
			buildActionMask = 2147483647;
			files = (
			);
			runOnlyForDeploymentPostprocessing = 0;
		};
		AA5465312DC1F6C5008F4849 /* Frameworks */ = {
			isa = PBXFrameworksBuildPhase;
			buildActionMask = 2147483647;
			files = (
			);
			runOnlyForDeploymentPostprocessing = 0;
		};
/* End PBXFrameworksBuildPhase section */

/* Begin PBXGroup section */
		AA5465122DC1F6C3008F4849 = {
			isa = PBXGroup;
			children = (
				AA54651D2DC1F6C3008F4849 /* binary-tree */,
				AA54652D2DC1F6C5008F4849 /* binary-treeTests */,
				AA5465372DC1F6C5008F4849 /* binary-treeUITests */,
				AA54651C2DC1F6C3008F4849 /* Products */,
			);
			sourceTree = "<group>";
		};
		AA54651C2DC1F6C3008F4849 /* Products */ = {
			isa = PBXGroup;
			children = (
				AA54651B2DC1F6C3008F4849 /* binary-tree.app */,
				AA54652A2DC1F6C5008F4849 /* binary-treeTests.xctest */,
				AA5465342DC1F6C5008F4849 /* binary-treeUITests.xctest */,
			);
			name = Products;
			sourceTree = "<group>";
		};
/* End PBXGroup section */

/* Begin PBXNativeTarget section */
		AA54651A2DC1F6C3008F4849 /* binary-tree */ = {
			isa = PBXNativeTarget;
			buildConfigurationList = AA54653E2DC1F6C5008F4849 /* Build configuration list for PBXNativeTarget "binary-tree" */;
			buildPhases = (
				AA5465172DC1F6C3008F4849 /* Sources */,
				AA5465182DC1F6C3008F4849 /* Frameworks */,
				AA5465192DC1F6C3008F4849 /* Resources */,
			);
			buildRules = (
			);
			dependencies = (
			);
			fileSystemSynchronizedGroups = (
				AA54651D2DC1F6C3008F4849 /* binary-tree */,
			);
			name = "binary-tree";
			packageProductDependencies = (
			);
			productName = "binary-tree";
			productReference = AA54651B2DC1F6C3008F4849 /* binary-tree.app */;
			productType = "com.apple.product-type.application";
		};
		AA5465292DC1F6C5008F4849 /* binary-treeTests */ = {
			isa = PBXNativeTarget;
			buildConfigurationList = AA5465412DC1F6C5008F4849 /* Build configuration list for PBXNativeTarget "binary-treeTests" */;
			buildPhases = (
				AA5465262DC1F6C5008F4849 /* Sources */,
				AA5465272DC1F6C5008F4849 /* Frameworks */,
				AA5465282DC1F6C5008F4849 /* Resources */,
			);
			buildRules = (
			);
			dependencies = (
				AA54652C2DC1F6C5008F4849 /* PBXTargetDependency */,
			);
			fileSystemSynchronizedGroups = (
				AA54652D2DC1F6C5008F4849 /* binary-treeTests */,
			);
			name = "binary-treeTests";
			packageProductDependencies = (
			);
			productName = "binary-treeTests";
			productReference = AA54652A2DC1F6C5008F4849 /* binary-treeTests.xctest */;
			productType = "com.apple.product-type.bundle.unit-test";
		};
		AA5465332DC1F6C5008F4849 /* binary-treeUITests */ = {
			isa = PBXNativeTarget;
			buildConfigurationList = AA5465442DC1F6C5008F4849 /* Build configuration list for PBXNativeTarget "binary-treeUITests" */;
			buildPhases = (
				AA5465302DC1F6C5008F4849 /* Sources */,
				AA5465312DC1F6C5008F4849 /* Frameworks */,
				AA5465322DC1F6C5008F4849 /* Resources */,
			);
			buildRules = (
			);
			dependencies = (
				AA5465362DC1F6C5008F4849 /* PBXTargetDependency */,
			);
			fileSystemSynchronizedGroups = (
				AA5465372DC1F6C5008F4849 /* binary-treeUITests */,
			);
			name = "binary-treeUITests";
			packageProductDependencies = (
			);
			productName = "binary-treeUITests";
			productReference = AA5465342DC1F6C5008F4849 /* binary-treeUITests.xctest */;
			productType = "com.apple.product-type.bundle.ui-testing";
		};
/* End PBXNativeTarget section */

/* Begin PBXProject section */
		AA5465132DC1F6C3008F4849 /* Project object */ = {
			isa = PBXProject;
			attributes = {
				BuildIndependentTargetsInParallel = 1;
				LastSwiftUpdateCheck = 1630;
				LastUpgradeCheck = 1630;
				TargetAttributes = {
					AA54651A2DC1F6C3008F4849 = {
						CreatedOnToolsVersion = 16.3;
					};
					AA5465292DC1F6C5008F4849 = {
						CreatedOnToolsVersion = 16.3;
						TestTargetID = AA54651A2DC1F6C3008F4849;
					};
					AA5465332DC1F6C5008F4849 = {
						CreatedOnToolsVersion = 16.3;
						TestTargetID = AA54651A2DC1F6C3008F4849;
					};
				};
			};
			buildConfigurationList = AA5465162DC1F6C3008F4849 /* Build configuration list for PBXProject "binary-tree" */;
			developmentRegion = en;
			hasScannedForEncodings = 0;
			knownRegions = (
				en,
				Base,
			);
			mainGroup = AA5465122DC1F6C3008F4849;
			minimizedProjectReferenceProxies = 1;
			preferredProjectObjectVersion = 77;
			productRefGroup = AA54651C2DC1F6C3008F4849 /* Products */;
			projectDirPath = "";
			projectRoot = "";
			targets = (
				AA54651A2DC1F6C3008F4849 /* binary-tree */,
				AA5465292DC1F6C5008F4849 /* binary-treeTests */,
				AA5465332DC1F6C5008F4849 /* binary-treeUITests */,
			);
		};
/* End PBXProject section */

/* Begin PBXResourcesBuildPhase section */
		AA5465192DC1F6C3008F4849 /* Resources */ = {
			isa = PBXResourcesBuildPhase;
			buildActionMask = 2147483647;
			files = (
			);
			runOnlyForDeploymentPostprocessing = 0;
		};
		AA5465282DC1F6C5008F4849 /* Resources */ = {
			isa = PBXResourcesBuildPhase;
			buildActionMask = 2147483647;
			files = (
			);
			runOnlyForDeploymentPostprocessing = 0;
		};
		AA5465322DC1F6C5008F4849 /* Resources */ = {
			isa = PBXResourcesBuildPhase;
			buildActionMask = 2147483647;
			files = (
			);
			runOnlyForDeploymentPostprocessing = 0;
		};
/* End PBXResourcesBuildPhase section */

/* Begin PBXSourcesBuildPhase section */
		AA5465172DC1F6C3008F4849 /* Sources */ = {
			isa = PBXSourcesBuildPhase;
			buildActionMask = 2147483647;
			files = (
			);
			runOnlyForDeploymentPostprocessing = 0;
		};
		AA5465262DC1F6C5008F4849 /* Sources */ = {
			isa = PBXSourcesBuildPhase;
			buildActionMask = 2147483647;
			files = (
			);
			runOnlyForDeploymentPostprocessing = 0;
		};
		AA5465302DC1F6C5008F4849 /* Sources */ = {
			isa = PBXSourcesBuildPhase;
			buildActionMask = 2147483647;
			files = (
			);
			runOnlyForDeploymentPostprocessing = 0;
		};
/* End PBXSourcesBuildPhase section */

/* Begin PBXTargetDependency section */
		AA54652C2DC1F6C5008F4849 /* PBXTargetDependency */ = {
			isa = PBXTargetDependency;
			target = AA54651A2DC1F6C3008F4849 /* binary-tree */;
			targetProxy = AA54652B2DC1F6C5008F4849 /* PBXContainerItemProxy */;
		};
		AA5465362DC1F6C5008F4849 /* PBXTargetDependency */ = {
			isa = PBXTargetDependency;
			target = AA54651A2DC1F6C3008F4849 /* binary-tree */;
			targetProxy = AA5465352DC1F6C5008F4849 /* PBXContainerItemProxy */;
		};
/* End PBXTargetDependency section */

/* Begin XCBuildConfiguration section */
		AA54653C2DC1F6C5008F4849 /* Debug */ = {
			isa = XCBuildConfiguration;
			buildSettings = {
				ALWAYS_SEARCH_USER_PATHS = NO;
				ASSETCATALOG_COMPILER_GENERATE_SWIFT_ASSET_SYMBOL_EXTENSIONS = YES;
				CLANG_ANALYZER_NONNULL = YES;
				CLANG_ANALYZER_NUMBER_OBJECT_CONVERSION = YES_AGGRESSIVE;
				CLANG_CXX_LANGUAGE_STANDARD = "gnu++20";
				CLANG_ENABLE_MODULES = YES;
				CLANG_ENABLE_OBJC_ARC = YES;
				CLANG_ENABLE_OBJC_WEAK = YES;
				CLANG_WARN_BLOCK_CAPTURE_AUTORELEASING = YES;
				CLANG_WARN_BOOL_CONVERSION = YES;
				CLANG_WARN_COMMA = YES;
				CLANG_WARN_CONSTANT_CONVERSION = YES;
				CLANG_WARN_DEPRECATED_OBJC_IMPLEMENTATIONS = YES;
				CLANG_WARN_DIRECT_OBJC_ISA_USAGE = YES_ERROR;
				CLANG_WARN_DOCUMENTATION_COMMENTS = YES;
				CLANG_WARN_EMPTY_BODY = YES;
				CLANG_WARN_ENUM_CONVERSION = YES;
				CLANG_WARN_INFINITE_RECURSION = YES;
				CLANG_WARN_INT_CONVERSION = YES;
				CLANG_WARN_NON_LITERAL_NULL_CONVERSION = YES;
				CLANG_WARN_OBJC_IMPLICIT_RETAIN_SELF = YES;
				CLANG_WARN_OBJC_LITERAL_CONVERSION = YES;
				CLANG_WARN_OBJC_ROOT_CLASS = YES_ERROR;
				CLANG_WARN_QUOTED_INCLUDE_IN_FRAMEWORK_HEADER = YES;
				CLANG_WARN_RANGE_LOOP_ANALYSIS = YES;
				CLANG_WARN_STRICT_PROTOTYPES = YES;
				CLANG_WARN_SUSPICIOUS_MOVE = YES;
				CLANG_WARN_UNGUARDED_AVAILABILITY = YES_AGGRESSIVE;
				CLANG_WARN_UNREACHABLE_CODE = YES;
				CLANG_WARN__DUPLICATE_METHOD_MATCH = YES;
				COPY_PHASE_STRIP = NO;
				DEBUG_INFORMATION_FORMAT = dwarf;
				DEVELOPMENT_TEAM = Y7X2VZ8933;
				ENABLE_STRICT_OBJC_MSGSEND = YES;
				ENABLE_TESTABILITY = YES;
				ENABLE_USER_SCRIPT_SANDBOXING = YES;
				GCC_C_LANGUAGE_STANDARD = gnu17;
				GCC_DYNAMIC_NO_PIC = NO;
				GCC_NO_COMMON_BLOCKS = YES;
				GCC_OPTIMIZATION_LEVEL = 0;
				GCC_PREPROCESSOR_DEFINITIONS = (
					"DEBUG=1",
					"$(inherited)",
				);
				GCC_WARN_64_TO_32_BIT_CONVERSION = YES;
				GCC_WARN_ABOUT_RETURN_TYPE = YES_ERROR;
				GCC_WARN_UNDECLARED_SELECTOR = YES;
				GCC_WARN_UNINITIALIZED_AUTOS = YES_AGGRESSIVE;
				GCC_WARN_UNUSED_FUNCTION = YES;
				GCC_WARN_UNUSED_VARIABLE = YES;
				IPHONEOS_DEPLOYMENT_TARGET = 18.4;
				LOCALIZATION_PREFERS_STRING_CATALOGS = YES;
				MTL_ENABLE_DEBUG_INFO = INCLUDE_SOURCE;
				MTL_FAST_MATH = YES;
				ONLY_ACTIVE_ARCH = YES;
				SDKROOT = iphoneos;
				SWIFT_ACTIVE_COMPILATION_CONDITIONS = "DEBUG $(inherited)";
				SWIFT_OPTIMIZATION_LEVEL = "-Onone";
			};
			name = Debug;
		};
		AA54653D2DC1F6C5008F4849 /* Release */ = {
			isa = XCBuildConfiguration;
			buildSettings = {
				ALWAYS_SEARCH_USER_PATHS = NO;
				ASSETCATALOG_COMPILER_GENERATE_SWIFT_ASSET_SYMBOL_EXTENSIONS = YES;
				CLANG_ANALYZER_NONNULL = YES;
				CLANG_ANALYZER_NUMBER_OBJECT_CONVERSION = YES_AGGRESSIVE;
				CLANG_CXX_LANGUAGE_STANDARD = "gnu++20";
				CLANG_ENABLE_MODULES = YES;
				CLANG_ENABLE_OBJC_ARC = YES;
				CLANG_ENABLE_OBJC_WEAK = YES;
				CLANG_WARN_BLOCK_CAPTURE_AUTORELEASING = YES;
				CLANG_WARN_BOOL_CONVERSION = YES;
				CLANG_WARN_COMMA = YES;
				CLANG_WARN_CONSTANT_CONVERSION = YES;
				CLANG_WARN_DEPRECATED_OBJC_IMPLEMENTATIONS = YES;
				CLANG_WARN_DIRECT_OBJC_ISA_USAGE = YES_ERROR;
				CLANG_WARN_DOCUMENTATION_COMMENTS = YES;
				CLANG_WARN_EMPTY_BODY = YES;
				CLANG_WARN_ENUM_CONVERSION = YES;
				CLANG_WARN_INFINITE_RECURSION = YES;
				CLANG_WARN_INT_CONVERSION = YES;
				CLANG_WARN_NON_LITERAL_NULL_CONVERSION = YES;
				CLANG_WARN_OBJC_IMPLICIT_RETAIN_SELF = YES;
				CLANG_WARN_OBJC_LITERAL_CONVERSION = YES;
				CLANG_WARN_OBJC_ROOT_CLASS = YES_ERROR;
				CLANG_WARN_QUOTED_INCLUDE_IN_FRAMEWORK_HEADER = YES;
				CLANG_WARN_RANGE_LOOP_ANALYSIS = YES;
				CLANG_WARN_STRICT_PROTOTYPES = YES;
				CLANG_WARN_SUSPICIOUS_MOVE = YES;
				CLANG_WARN_UNGUARDED_AVAILABILITY = YES_AGGRESSIVE;
				CLANG_WARN_UNREACHABLE_CODE = YES;
				CLANG_WARN__DUPLICATE_METHOD_MATCH = YES;
				COPY_PHASE_STRIP = NO;
				DEBUG_INFORMATION_FORMAT = "dwarf-with-dsym";
				DEVELOPMENT_TEAM = Y7X2VZ8933;
				ENABLE_NS_ASSERTIONS = NO;
				ENABLE_STRICT_OBJC_MSGSEND = YES;
				ENABLE_USER_SCRIPT_SANDBOXING = YES;
				GCC_C_LANGUAGE_STANDARD = gnu17;
				GCC_NO_COMMON_BLOCKS = YES;
				GCC_WARN_64_TO_32_BIT_CONVERSION = YES;
				GCC_WARN_ABOUT_RETURN_TYPE = YES_ERROR;
				GCC_WARN_UNDECLARED_SELECTOR = YES;
				GCC_WARN_UNINITIALIZED_AUTOS = YES_AGGRESSIVE;
				GCC_WARN_UNUSED_FUNCTION = YES;
				GCC_WARN_UNUSED_VARIABLE = YES;
				IPHONEOS_DEPLOYMENT_TARGET = 18.4;
				LOCALIZATION_PREFERS_STRING_CATALOGS = YES;
				MTL_ENABLE_DEBUG_INFO = NO;
				MTL_FAST_MATH = YES;
				SDKROOT = iphoneos;
				SWIFT_COMPILATION_MODE = wholemodule;
				VALIDATE_PRODUCT = YES;
			};
			name = Release;
		};
		AA54653F2DC1F6C5008F4849 /* Debug */ = {
			isa = XCBuildConfiguration;
			buildSettings = {
				ASSETCATALOG_COMPILER_APPICON_NAME = AppIcon;
				ASSETCATALOG_COMPILER_GLOBAL_ACCENT_COLOR_NAME = AccentColor;
				CODE_SIGN_STYLE = Automatic;
				CURRENT_PROJECT_VERSION = 1;
				DEVELOPMENT_TEAM = Y7X2VZ8933;
				ENABLE_PREVIEWS = YES;
				GENERATE_INFOPLIST_FILE = YES;
				INFOPLIST_KEY_UIApplicationSceneManifest_Generation = YES;
				INFOPLIST_KEY_UIApplicationSupportsIndirectInputEvents = YES;
				INFOPLIST_KEY_UILaunchScreen_Generation = YES;
				INFOPLIST_KEY_UISupportedInterfaceOrientations_iPad = "UIInterfaceOrientationPortrait UIInterfaceOrientationPortraitUpsideDown UIInterfaceOrientationLandscapeLeft UIInterfaceOrientationLandscapeRight";
				INFOPLIST_KEY_UISupportedInterfaceOrientations_iPhone = "UIInterfaceOrientationPortrait UIInterfaceOrientationLandscapeLeft UIInterfaceOrientationLandscapeRight";
				LD_RUNPATH_SEARCH_PATHS = (
					"$(inherited)",
					"@executable_path/Frameworks",
				);
				MARKETING_VERSION = 1.0;
				PRODUCT_BUNDLE_IDENTIFIER = "com.kyotutechnology.dev.binary-tree";
				PRODUCT_NAME = "$(TARGET_NAME)";
				SWIFT_EMIT_LOC_STRINGS = YES;
				SWIFT_VERSION = 5.0;
				TARGETED_DEVICE_FAMILY = "1,2";
			};
			name = Debug;
		};
		AA5465402DC1F6C5008F4849 /* Release */ = {
			isa = XCBuildConfiguration;
			buildSettings = {
				ASSETCATALOG_COMPILER_APPICON_NAME = AppIcon;
				ASSETCATALOG_COMPILER_GLOBAL_ACCENT_COLOR_NAME = AccentColor;
				CODE_SIGN_STYLE = Automatic;
				CURRENT_PROJECT_VERSION = 1;
				DEVELOPMENT_TEAM = Y7X2VZ8933;
				ENABLE_PREVIEWS = YES;
				GENERATE_INFOPLIST_FILE = YES;
				INFOPLIST_KEY_UIApplicationSceneManifest_Generation = YES;
				INFOPLIST_KEY_UIApplicationSupportsIndirectInputEvents = YES;
				INFOPLIST_KEY_UILaunchScreen_Generation = YES;
				INFOPLIST_KEY_UISupportedInterfaceOrientations_iPad = "UIInterfaceOrientationPortrait UIInterfaceOrientationPortraitUpsideDown UIInterfaceOrientationLandscapeLeft UIInterfaceOrientationLandscapeRight";
				INFOPLIST_KEY_UISupportedInterfaceOrientations_iPhone = "UIInterfaceOrientationPortrait UIInterfaceOrientationLandscapeLeft UIInterfaceOrientationLandscapeRight";
				LD_RUNPATH_SEARCH_PATHS = (
					"$(inherited)",
					"@executable_path/Frameworks",
				);
				MARKETING_VERSION = 1.0;
				PRODUCT_BUNDLE_IDENTIFIER = "com.kyotutechnology.dev.binary-tree";
				PRODUCT_NAME = "$(TARGET_NAME)";
				SWIFT_EMIT_LOC_STRINGS = YES;
				SWIFT_VERSION = 5.0;
				TARGETED_DEVICE_FAMILY = "1,2";
			};
			name = Release;
		};
		AA5465422DC1F6C5008F4849 /* Debug */ = {
			isa = XCBuildConfiguration;
			buildSettings = {
				BUNDLE_LOADER = "$(TEST_HOST)";
				CODE_SIGN_STYLE = Automatic;
				CURRENT_PROJECT_VERSION = 1;
				DEVELOPMENT_TEAM = Y7X2VZ8933;
				GENERATE_INFOPLIST_FILE = YES;
				IPHONEOS_DEPLOYMENT_TARGET = 18.4;
				MARKETING_VERSION = 1.0;
				PRODUCT_BUNDLE_IDENTIFIER = "com.kyotutechnology.dev.binary-treeTests";
				PRODUCT_NAME = "$(TARGET_NAME)";
				SWIFT_EMIT_LOC_STRINGS = NO;
				SWIFT_VERSION = 5.0;
				TARGETED_DEVICE_FAMILY = "1,2";
				TEST_HOST = "$(BUILT_PRODUCTS_DIR)/binary-tree.app/$(BUNDLE_EXECUTABLE_FOLDER_PATH)/binary-tree";
			};
			name = Debug;
		};
		AA5465432DC1F6C5008F4849 /* Release */ = {
			isa = XCBuildConfiguration;
			buildSettings = {
				BUNDLE_LOADER = "$(TEST_HOST)";
				CODE_SIGN_STYLE = Automatic;
				CURRENT_PROJECT_VERSION = 1;
				DEVELOPMENT_TEAM = Y7X2VZ8933;
				GENERATE_INFOPLIST_FILE = YES;
				IPHONEOS_DEPLOYMENT_TARGET = 18.4;
				MARKETING_VERSION = 1.0;
				PRODUCT_BUNDLE_IDENTIFIER = "com.kyotutechnology.dev.binary-treeTests";
				PRODUCT_NAME = "$(TARGET_NAME)";
				SWIFT_EMIT_LOC_STRINGS = NO;
				SWIFT_VERSION = 5.0;
				TARGETED_DEVICE_FAMILY = "1,2";
				TEST_HOST = "$(BUILT_PRODUCTS_DIR)/binary-tree.app/$(BUNDLE_EXECUTABLE_FOLDER_PATH)/binary-tree";
			};
			name = Release;
		};
		AA5465452DC1F6C5008F4849 /* Debug */ = {
			isa = XCBuildConfiguration;
			buildSettings = {
				CODE_SIGN_STYLE = Automatic;
				CURRENT_PROJECT_VERSION = 1;
				DEVELOPMENT_TEAM = Y7X2VZ8933;
				GENERATE_INFOPLIST_FILE = YES;
				MARKETING_VERSION = 1.0;
				PRODUCT_BUNDLE_IDENTIFIER = "com.kyotutechnology.dev.binary-treeUITests";
				PRODUCT_NAME = "$(TARGET_NAME)";
				SWIFT_EMIT_LOC_STRINGS = NO;
				SWIFT_VERSION = 5.0;
				TARGETED_DEVICE_FAMILY = "1,2";
				TEST_TARGET_NAME = "binary-tree";
			};
			name = Debug;
		};
		AA5465462DC1F6C5008F4849 /* Release */ = {
			isa = XCBuildConfiguration;
			buildSettings = {
				CODE_SIGN_STYLE = Automatic;
				CURRENT_PROJECT_VERSION = 1;
				DEVELOPMENT_TEAM = Y7X2VZ8933;
				GENERATE_INFOPLIST_FILE = YES;
				MARKETING_VERSION = 1.0;
				PRODUCT_BUNDLE_IDENTIFIER = "com.kyotutechnology.dev.binary-treeUITests";
				PRODUCT_NAME = "$(TARGET_NAME)";
				SWIFT_EMIT_LOC_STRINGS = NO;
				SWIFT_VERSION = 5.0;
				TARGETED_DEVICE_FAMILY = "1,2";
				TEST_TARGET_NAME = "binary-tree";
			};
			name = Release;
		};
/* End XCBuildConfiguration section */

/* Begin XCConfigurationList section */
		AA5465162DC1F6C3008F4849 /* Build configuration list for PBXProject "binary-tree" */ = {
			isa = XCConfigurationList;
			buildConfigurations = (
				AA54653C2DC1F6C5008F4849 /* Debug */,
				AA54653D2DC1F6C5008F4849 /* Release */,
			);
			defaultConfigurationIsVisible = 0;
			defaultConfigurationName = Release;
		};
		AA54653E2DC1F6C5008F4849 /* Build configuration list for PBXNativeTarget "binary-tree" */ = {
			isa = XCConfigurationList;
			buildConfigurations = (
				AA54653F2DC1F6C5008F4849 /* Debug */,
				AA5465402DC1F6C5008F4849 /* Release */,
			);
			defaultConfigurationIsVisible = 0;
			defaultConfigurationName = Release;
		};
		AA5465412DC1F6C5008F4849 /* Build configuration list for PBXNativeTarget "binary-treeTests" */ = {
			isa = XCConfigurationList;
			buildConfigurations = (
				AA5465422DC1F6C5008F4849 /* Debug */,
				AA5465432DC1F6C5008F4849 /* Release */,
			);
			defaultConfigurationIsVisible = 0;
			defaultConfigurationName = Release;
		};
		AA5465442DC1F6C5008F4849 /* Build configuration list for PBXNativeTarget "binary-treeUITests" */ = {
			isa = XCConfigurationList;
			buildConfigurations = (
				AA5465452DC1F6C5008F4849 /* Debug */,
				AA5465462DC1F6C5008F4849 /* Release */,
			);
			defaultConfigurationIsVisible = 0;
			defaultConfigurationName = Release;
		};
/* End XCConfigurationList section */
	};
	rootObject = AA5465132DC1F6C3008F4849 /* Project object */;
}
